
Microsoft Visual Studio Solution File, Format Version 12.00
# Visual Studio Version 17
VisualStudioVersion = 17.8.34330.188
MinimumVisualStudioVersion = 10.0.40219.1
Project("{778DAE3C-4631-46EA-AA77-85C1314464D9}") = "tsc", "tsc\tsc.vbproj", "{24BB65CC-4AB8-44E8-A3C6-42E8F6A0B05A}"
EndProject
Project("{2150E333-8FDC-42A3-9474-1A3956D46DE8}") = "framework", "framework", "{869CA2C5-7BC3-4119-9C6B-873EA21BD98E}"
EndProject
Project("{778DAE3C-4631-46EA-AA77-85C1314464D9}") = "Core", "..\..\GCModeller\src\runtime\sciBASIC#\Microsoft.VisualBasic.Core\src\Core.vbproj", "{B5F56EFF-CF89-45D7-B5EF-797F7A4744FD}"
EndProject
Project("{2150E333-8FDC-42A3-9474-1A3956D46DE8}") = "renv", "renv", "{7B786E69-013B-4AA2-9046-199BCDC33C96}"
EndProject
Project("{778DAE3C-4631-46EA-AA77-85C1314464D9}") = "Rsharp-netcore5", "..\..\GCModeller\src\R-sharp\R#\Rsharp-netcore5.vbproj", "{99130A73-C92D-4AAC-B973-A628EE28CD6A}"
EndProject
Project("{778DAE3C-4631-46EA-AA77-85C1314464D9}") = "nts", "..\..\GCModeller\src\R-sharp\studio\Rsharp_IL\nts\nts.vbproj", "{8735B408-854F-4C2F-82A5-81A616092B06}"
EndProject
Project("{778DAE3C-4631-46EA-AA77-85C1314464D9}") = "IronCodeDom", "..\..\GCModeller\src\R-sharp\studio\Rsharp_IL\IronCodeDom\IronCodeDom.vbproj", "{C361E20C-57D7-4785-BEDC-C30429CCCC65}"
EndProject
Project("{2150E333-8FDC-42A3-9474-1A3956D46DE8}") = "mime", "mime", "{669C137B-C1F8-43C8-88E8-74B7861EFFB1}"
EndProject
Project("{778DAE3C-4631-46EA-AA77-85C1314464D9}") = "JSON-netcore5", "..\..\GCModeller\src\runtime\sciBASIC#\mime\application%json\JSON-netcore5.vbproj", "{795F50C4-9BD8-4C79-AAEA-5EFE29608254}"
EndProject
Project("{778DAE3C-4631-46EA-AA77-85C1314464D9}") = "VisualStudio.NET5", "..\..\GCModeller\src\runtime\sciBASIC#\vs_solutions\dev\VisualStudio\VisualStudio.NET5.vbproj", "{2C33DF1C-6B2C-46FB-A9AC-61120C6601DB}"
EndProject
Project("{F184B08F-C81C-45F6-A57F-5ABD9991F28F}") = "demo_vbproj", "..\test\demo_vbproj\demo_vbproj.vbproj", "{E35DEF91-D2B0-4B52-844F-EE551D98E9A1}"
EndProject
Global
	GlobalSection(SolutionConfigurationPlatforms) = preSolution
		CFD_win32|Any CPU = CFD_win32|Any CPU
		CFD_win32|x64 = CFD_win32|x64
		CFD_win32|x86 = CFD_win32|x86
		Debug|Any CPU = Debug|Any CPU
		Debug|x64 = Debug|x64
		Debug|x86 = Debug|x86
		Docker|Any CPU = Docker|Any CPU
		Docker|x64 = Docker|x64
		Docker|x86 = Docker|x86
		gcmodeller_desktop|Any CPU = gcmodeller_desktop|Any CPU
		gcmodeller_desktop|x64 = gcmodeller_desktop|x64
		gcmodeller_desktop|x86 = gcmodeller_desktop|x86
		LipidSearch|Any CPU = LipidSearch|Any CPU
		LipidSearch|x64 = LipidSearch|x64
		LipidSearch|x86 = LipidSearch|x86
		mzkit_win32|Any CPU = mzkit_win32|Any CPU
		mzkit_win32|x64 = mzkit_win32|x64
		mzkit_win32|x86 = mzkit_win32|x86
		mzkit|Any CPU = mzkit|Any CPU
		mzkit|x64 = mzkit|x64
		mzkit|x86 = mzkit|x86
		NPSearch|Any CPU = NPSearch|Any CPU
		NPSearch|x64 = NPSearch|x64
		NPSearch|x86 = NPSearch|x86
		nuget_release|Any CPU = nuget_release|Any CPU
		nuget_release|x64 = nuget_release|x64
		nuget_release|x86 = nuget_release|x86
		PlantMAT|Any CPU = PlantMAT|Any CPU
		PlantMAT|x64 = PlantMAT|x64
		PlantMAT|x86 = PlantMAT|x86
		Release|Any CPU = Release|Any CPU
		Release|x64 = Release|x64
		Release|x86 = Release|x86
		Rsharp_app_release|Any CPU = Rsharp_app_release|Any CPU
		Rsharp_app_release|x64 = Rsharp_app_release|x64
		Rsharp_app_release|x86 = Rsharp_app_release|x86
	EndGlobalSection
	GlobalSection(ProjectConfigurationPlatforms) = postSolution
		{24BB65CC-4AB8-44E8-A3C6-42E8F6A0B05A}.CFD_win32|Any CPU.ActiveCfg = Debug|Any CPU
		{24BB65CC-4AB8-44E8-A3C6-42E8F6A0B05A}.CFD_win32|Any CPU.Build.0 = Debug|Any CPU
		{24BB65CC-4AB8-44E8-A3C6-42E8F6A0B05A}.CFD_win32|x64.ActiveCfg = Debug|Any CPU
		{24BB65CC-4AB8-44E8-A3C6-42E8F6A0B05A}.CFD_win32|x64.Build.0 = Debug|Any CPU
		{24BB65CC-4AB8-44E8-A3C6-42E8F6A0B05A}.CFD_win32|x86.ActiveCfg = Debug|Any CPU
		{24BB65CC-4AB8-44E8-A3C6-42E8F6A0B05A}.CFD_win32|x86.Build.0 = Debug|Any CPU
		{24BB65CC-4AB8-44E8-A3C6-42E8F6A0B05A}.Debug|Any CPU.ActiveCfg = Debug|Any CPU
		{24BB65CC-4AB8-44E8-A3C6-42E8F6A0B05A}.Debug|Any CPU.Build.0 = Debug|Any CPU
		{24BB65CC-4AB8-44E8-A3C6-42E8F6A0B05A}.Debug|x64.ActiveCfg = Debug|x64
		{24BB65CC-4AB8-44E8-A3C6-42E8F6A0B05A}.Debug|x64.Build.0 = Debug|x64
		{24BB65CC-4AB8-44E8-A3C6-42E8F6A0B05A}.Debug|x86.ActiveCfg = Debug|Any CPU
		{24BB65CC-4AB8-44E8-A3C6-42E8F6A0B05A}.Debug|x86.Build.0 = Debug|Any CPU
		{24BB65CC-4AB8-44E8-A3C6-42E8F6A0B05A}.Docker|Any CPU.ActiveCfg = Debug|Any CPU
		{24BB65CC-4AB8-44E8-A3C6-42E8F6A0B05A}.Docker|Any CPU.Build.0 = Debug|Any CPU
		{24BB65CC-4AB8-44E8-A3C6-42E8F6A0B05A}.Docker|x64.ActiveCfg = Debug|Any CPU
		{24BB65CC-4AB8-44E8-A3C6-42E8F6A0B05A}.Docker|x64.Build.0 = Debug|Any CPU
		{24BB65CC-4AB8-44E8-A3C6-42E8F6A0B05A}.Docker|x86.ActiveCfg = Debug|Any CPU
		{24BB65CC-4AB8-44E8-A3C6-42E8F6A0B05A}.Docker|x86.Build.0 = Debug|Any CPU
		{24BB65CC-4AB8-44E8-A3C6-42E8F6A0B05A}.gcmodeller_desktop|Any CPU.ActiveCfg = Debug|Any CPU
		{24BB65CC-4AB8-44E8-A3C6-42E8F6A0B05A}.gcmodeller_desktop|Any CPU.Build.0 = Debug|Any CPU
		{24BB65CC-4AB8-44E8-A3C6-42E8F6A0B05A}.gcmodeller_desktop|x64.ActiveCfg = Debug|Any CPU
		{24BB65CC-4AB8-44E8-A3C6-42E8F6A0B05A}.gcmodeller_desktop|x64.Build.0 = Debug|Any CPU
		{24BB65CC-4AB8-44E8-A3C6-42E8F6A0B05A}.gcmodeller_desktop|x86.ActiveCfg = Debug|Any CPU
		{24BB65CC-4AB8-44E8-A3C6-42E8F6A0B05A}.gcmodeller_desktop|x86.Build.0 = Debug|Any CPU
		{24BB65CC-4AB8-44E8-A3C6-42E8F6A0B05A}.LipidSearch|Any CPU.ActiveCfg = Debug|Any CPU
		{24BB65CC-4AB8-44E8-A3C6-42E8F6A0B05A}.LipidSearch|Any CPU.Build.0 = Debug|Any CPU
		{24BB65CC-4AB8-44E8-A3C6-42E8F6A0B05A}.LipidSearch|x64.ActiveCfg = Debug|Any CPU
		{24BB65CC-4AB8-44E8-A3C6-42E8F6A0B05A}.LipidSearch|x64.Build.0 = Debug|Any CPU
		{24BB65CC-4AB8-44E8-A3C6-42E8F6A0B05A}.LipidSearch|x86.ActiveCfg = Debug|Any CPU
		{24BB65CC-4AB8-44E8-A3C6-42E8F6A0B05A}.LipidSearch|x86.Build.0 = Debug|Any CPU
		{24BB65CC-4AB8-44E8-A3C6-42E8F6A0B05A}.mzkit_win32|Any CPU.ActiveCfg = Debug|Any CPU
		{24BB65CC-4AB8-44E8-A3C6-42E8F6A0B05A}.mzkit_win32|Any CPU.Build.0 = Debug|Any CPU
		{24BB65CC-4AB8-44E8-A3C6-42E8F6A0B05A}.mzkit_win32|x64.ActiveCfg = Debug|Any CPU
		{24BB65CC-4AB8-44E8-A3C6-42E8F6A0B05A}.mzkit_win32|x64.Build.0 = Debug|Any CPU
		{24BB65CC-4AB8-44E8-A3C6-42E8F6A0B05A}.mzkit_win32|x86.ActiveCfg = Debug|Any CPU
		{24BB65CC-4AB8-44E8-A3C6-42E8F6A0B05A}.mzkit_win32|x86.Build.0 = Debug|Any CPU
		{24BB65CC-4AB8-44E8-A3C6-42E8F6A0B05A}.mzkit|Any CPU.ActiveCfg = Debug|Any CPU
		{24BB65CC-4AB8-44E8-A3C6-42E8F6A0B05A}.mzkit|Any CPU.Build.0 = Debug|Any CPU
		{24BB65CC-4AB8-44E8-A3C6-42E8F6A0B05A}.mzkit|x64.ActiveCfg = Debug|Any CPU
		{24BB65CC-4AB8-44E8-A3C6-42E8F6A0B05A}.mzkit|x64.Build.0 = Debug|Any CPU
		{24BB65CC-4AB8-44E8-A3C6-42E8F6A0B05A}.mzkit|x86.ActiveCfg = Debug|Any CPU
		{24BB65CC-4AB8-44E8-A3C6-42E8F6A0B05A}.mzkit|x86.Build.0 = Debug|Any CPU
		{24BB65CC-4AB8-44E8-A3C6-42E8F6A0B05A}.NPSearch|Any CPU.ActiveCfg = Debug|Any CPU
		{24BB65CC-4AB8-44E8-A3C6-42E8F6A0B05A}.NPSearch|Any CPU.Build.0 = Debug|Any CPU
		{24BB65CC-4AB8-44E8-A3C6-42E8F6A0B05A}.NPSearch|x64.ActiveCfg = Debug|Any CPU
		{24BB65CC-4AB8-44E8-A3C6-42E8F6A0B05A}.NPSearch|x64.Build.0 = Debug|Any CPU
		{24BB65CC-4AB8-44E8-A3C6-42E8F6A0B05A}.NPSearch|x86.ActiveCfg = Debug|Any CPU
		{24BB65CC-4AB8-44E8-A3C6-42E8F6A0B05A}.NPSearch|x86.Build.0 = Debug|Any CPU
		{24BB65CC-4AB8-44E8-A3C6-42E8F6A0B05A}.nuget_release|Any CPU.ActiveCfg = Debug|Any CPU
		{24BB65CC-4AB8-44E8-A3C6-42E8F6A0B05A}.nuget_release|Any CPU.Build.0 = Debug|Any CPU
		{24BB65CC-4AB8-44E8-A3C6-42E8F6A0B05A}.nuget_release|x64.ActiveCfg = Debug|Any CPU
		{24BB65CC-4AB8-44E8-A3C6-42E8F6A0B05A}.nuget_release|x64.Build.0 = Debug|Any CPU
		{24BB65CC-4AB8-44E8-A3C6-42E8F6A0B05A}.nuget_release|x86.ActiveCfg = Debug|Any CPU
		{24BB65CC-4AB8-44E8-A3C6-42E8F6A0B05A}.nuget_release|x86.Build.0 = Debug|Any CPU
		{24BB65CC-4AB8-44E8-A3C6-42E8F6A0B05A}.PlantMAT|Any CPU.ActiveCfg = Debug|Any CPU
		{24BB65CC-4AB8-44E8-A3C6-42E8F6A0B05A}.PlantMAT|Any CPU.Build.0 = Debug|Any CPU
		{24BB65CC-4AB8-44E8-A3C6-42E8F6A0B05A}.PlantMAT|x64.ActiveCfg = Debug|Any CPU
		{24BB65CC-4AB8-44E8-A3C6-42E8F6A0B05A}.PlantMAT|x64.Build.0 = Debug|Any CPU
		{24BB65CC-4AB8-44E8-A3C6-42E8F6A0B05A}.PlantMAT|x86.ActiveCfg = Debug|Any CPU
		{24BB65CC-4AB8-44E8-A3C6-42E8F6A0B05A}.PlantMAT|x86.Build.0 = Debug|Any CPU
		{24BB65CC-4AB8-44E8-A3C6-42E8F6A0B05A}.Release|Any CPU.ActiveCfg = Release|Any CPU
		{24BB65CC-4AB8-44E8-A3C6-42E8F6A0B05A}.Release|Any CPU.Build.0 = Release|Any CPU
		{24BB65CC-4AB8-44E8-A3C6-42E8F6A0B05A}.Release|x64.ActiveCfg = Release|Any CPU
		{24BB65CC-4AB8-44E8-A3C6-42E8F6A0B05A}.Release|x64.Build.0 = Release|Any CPU
		{24BB65CC-4AB8-44E8-A3C6-42E8F6A0B05A}.Release|x86.ActiveCfg = Release|Any CPU
		{24BB65CC-4AB8-44E8-A3C6-42E8F6A0B05A}.Release|x86.Build.0 = Release|Any CPU
		{24BB65CC-4AB8-44E8-A3C6-42E8F6A0B05A}.Rsharp_app_release|Any CPU.ActiveCfg = Release|Any CPU
		{24BB65CC-4AB8-44E8-A3C6-42E8F6A0B05A}.Rsharp_app_release|Any CPU.Build.0 = Release|Any CPU
		{24BB65CC-4AB8-44E8-A3C6-42E8F6A0B05A}.Rsharp_app_release|x64.ActiveCfg = Release|Any CPU
		{24BB65CC-4AB8-44E8-A3C6-42E8F6A0B05A}.Rsharp_app_release|x64.Build.0 = Release|Any CPU
		{24BB65CC-4AB8-44E8-A3C6-42E8F6A0B05A}.Rsharp_app_release|x86.ActiveCfg = Release|Any CPU
		{24BB65CC-4AB8-44E8-A3C6-42E8F6A0B05A}.Rsharp_app_release|x86.Build.0 = Release|Any CPU
		{B5F56EFF-CF89-45D7-B5EF-797F7A4744FD}.CFD_win32|Any CPU.ActiveCfg = CFD_win32|Any CPU
		{B5F56EFF-CF89-45D7-B5EF-797F7A4744FD}.CFD_win32|Any CPU.Build.0 = CFD_win32|Any CPU
		{B5F56EFF-CF89-45D7-B5EF-797F7A4744FD}.CFD_win32|x64.ActiveCfg = CFD_win32|x64
		{B5F56EFF-CF89-45D7-B5EF-797F7A4744FD}.CFD_win32|x64.Build.0 = CFD_win32|x64
		{B5F56EFF-CF89-45D7-B5EF-797F7A4744FD}.CFD_win32|x86.ActiveCfg = CFD_win32|x86
		{B5F56EFF-CF89-45D7-B5EF-797F7A4744FD}.CFD_win32|x86.Build.0 = CFD_win32|x86
		{B5F56EFF-CF89-45D7-B5EF-797F7A4744FD}.Debug|Any CPU.ActiveCfg = Debug|Any CPU
		{B5F56EFF-CF89-45D7-B5EF-797F7A4744FD}.Debug|Any CPU.Build.0 = Debug|Any CPU
		{B5F56EFF-CF89-45D7-B5EF-797F7A4744FD}.Debug|x64.ActiveCfg = Debug|x64
		{B5F56EFF-CF89-45D7-B5EF-797F7A4744FD}.Debug|x64.Build.0 = Debug|x64
		{B5F56EFF-CF89-45D7-B5EF-797F7A4744FD}.Debug|x86.ActiveCfg = Debug|x86
		{B5F56EFF-CF89-45D7-B5EF-797F7A4744FD}.Debug|x86.Build.0 = Debug|x86
		{B5F56EFF-CF89-45D7-B5EF-797F7A4744FD}.Docker|Any CPU.ActiveCfg = Docker|Any CPU
		{B5F56EFF-CF89-45D7-B5EF-797F7A4744FD}.Docker|Any CPU.Build.0 = Docker|Any CPU
		{B5F56EFF-CF89-45D7-B5EF-797F7A4744FD}.Docker|x64.ActiveCfg = Docker|x64
		{B5F56EFF-CF89-45D7-B5EF-797F7A4744FD}.Docker|x64.Build.0 = Docker|x64
		{B5F56EFF-CF89-45D7-B5EF-797F7A4744FD}.Docker|x86.ActiveCfg = Docker|x86
		{B5F56EFF-CF89-45D7-B5EF-797F7A4744FD}.Docker|x86.Build.0 = Docker|x86
		{B5F56EFF-CF89-45D7-B5EF-797F7A4744FD}.gcmodeller_desktop|Any CPU.ActiveCfg = gcmodeller_desktop|Any CPU
		{B5F56EFF-CF89-45D7-B5EF-797F7A4744FD}.gcmodeller_desktop|Any CPU.Build.0 = gcmodeller_desktop|Any CPU
		{B5F56EFF-CF89-45D7-B5EF-797F7A4744FD}.gcmodeller_desktop|x64.ActiveCfg = gcmodeller_desktop|x64
		{B5F56EFF-CF89-45D7-B5EF-797F7A4744FD}.gcmodeller_desktop|x64.Build.0 = gcmodeller_desktop|x64
		{B5F56EFF-CF89-45D7-B5EF-797F7A4744FD}.gcmodeller_desktop|x86.ActiveCfg = gcmodeller_desktop|x86
		{B5F56EFF-CF89-45D7-B5EF-797F7A4744FD}.gcmodeller_desktop|x86.Build.0 = gcmodeller_desktop|x86
		{B5F56EFF-CF89-45D7-B5EF-797F7A4744FD}.LipidSearch|Any CPU.ActiveCfg = LipidSearch|Any CPU
		{B5F56EFF-CF89-45D7-B5EF-797F7A4744FD}.LipidSearch|Any CPU.Build.0 = LipidSearch|Any CPU
		{B5F56EFF-CF89-45D7-B5EF-797F7A4744FD}.LipidSearch|x64.ActiveCfg = LipidSearch|x64
		{B5F56EFF-CF89-45D7-B5EF-797F7A4744FD}.LipidSearch|x64.Build.0 = LipidSearch|x64
		{B5F56EFF-CF89-45D7-B5EF-797F7A4744FD}.LipidSearch|x86.ActiveCfg = LipidSearch|x86
		{B5F56EFF-CF89-45D7-B5EF-797F7A4744FD}.LipidSearch|x86.Build.0 = LipidSearch|x86
		{B5F56EFF-CF89-45D7-B5EF-797F7A4744FD}.mzkit_win32|Any CPU.ActiveCfg = mzkit_win32|Any CPU
		{B5F56EFF-CF89-45D7-B5EF-797F7A4744FD}.mzkit_win32|Any CPU.Build.0 = mzkit_win32|Any CPU
		{B5F56EFF-CF89-45D7-B5EF-797F7A4744FD}.mzkit_win32|x64.ActiveCfg = mzkit_win32|x64
		{B5F56EFF-CF89-45D7-B5EF-797F7A4744FD}.mzkit_win32|x64.Build.0 = mzkit_win32|x64
		{B5F56EFF-CF89-45D7-B5EF-797F7A4744FD}.mzkit_win32|x86.ActiveCfg = mzkit_win32|x86
		{B5F56EFF-CF89-45D7-B5EF-797F7A4744FD}.mzkit_win32|x86.Build.0 = mzkit_win32|x86
		{B5F56EFF-CF89-45D7-B5EF-797F7A4744FD}.mzkit|Any CPU.ActiveCfg = mzkit|Any CPU
		{B5F56EFF-CF89-45D7-B5EF-797F7A4744FD}.mzkit|Any CPU.Build.0 = mzkit|Any CPU
		{B5F56EFF-CF89-45D7-B5EF-797F7A4744FD}.mzkit|x64.ActiveCfg = mzkit|x64
		{B5F56EFF-CF89-45D7-B5EF-797F7A4744FD}.mzkit|x64.Build.0 = mzkit|x64
		{B5F56EFF-CF89-45D7-B5EF-797F7A4744FD}.mzkit|x86.ActiveCfg = mzkit|x86
		{B5F56EFF-CF89-45D7-B5EF-797F7A4744FD}.mzkit|x86.Build.0 = mzkit|x86
		{B5F56EFF-CF89-45D7-B5EF-797F7A4744FD}.NPSearch|Any CPU.ActiveCfg = NPSearch|Any CPU
		{B5F56EFF-CF89-45D7-B5EF-797F7A4744FD}.NPSearch|Any CPU.Build.0 = NPSearch|Any CPU
		{B5F56EFF-CF89-45D7-B5EF-797F7A4744FD}.NPSearch|x64.ActiveCfg = NPSearch|x64
		{B5F56EFF-CF89-45D7-B5EF-797F7A4744FD}.NPSearch|x64.Build.0 = NPSearch|x64
		{B5F56EFF-CF89-45D7-B5EF-797F7A4744FD}.NPSearch|x86.ActiveCfg = NPSearch|x86
		{B5F56EFF-CF89-45D7-B5EF-797F7A4744FD}.NPSearch|x86.Build.0 = NPSearch|x86
		{B5F56EFF-CF89-45D7-B5EF-797F7A4744FD}.nuget_release|Any CPU.ActiveCfg = nuget_release|Any CPU
		{B5F56EFF-CF89-45D7-B5EF-797F7A4744FD}.nuget_release|Any CPU.Build.0 = nuget_release|Any CPU
		{B5F56EFF-CF89-45D7-B5EF-797F7A4744FD}.nuget_release|x64.ActiveCfg = nuget_release|x64
		{B5F56EFF-CF89-45D7-B5EF-797F7A4744FD}.nuget_release|x64.Build.0 = nuget_release|x64
		{B5F56EFF-CF89-45D7-B5EF-797F7A4744FD}.nuget_release|x86.ActiveCfg = nuget_release|x86
		{B5F56EFF-CF89-45D7-B5EF-797F7A4744FD}.nuget_release|x86.Build.0 = nuget_release|x86
		{B5F56EFF-CF89-45D7-B5EF-797F7A4744FD}.PlantMAT|Any CPU.ActiveCfg = PlantMAT|Any CPU
		{B5F56EFF-CF89-45D7-B5EF-797F7A4744FD}.PlantMAT|Any CPU.Build.0 = PlantMAT|Any CPU
		{B5F56EFF-CF89-45D7-B5EF-797F7A4744FD}.PlantMAT|x64.ActiveCfg = PlantMAT|x64
		{B5F56EFF-CF89-45D7-B5EF-797F7A4744FD}.PlantMAT|x64.Build.0 = PlantMAT|x64
		{B5F56EFF-CF89-45D7-B5EF-797F7A4744FD}.PlantMAT|x86.ActiveCfg = PlantMAT|x86
		{B5F56EFF-CF89-45D7-B5EF-797F7A4744FD}.PlantMAT|x86.Build.0 = PlantMAT|x86
		{B5F56EFF-CF89-45D7-B5EF-797F7A4744FD}.Release|Any CPU.ActiveCfg = Release|Any CPU
		{B5F56EFF-CF89-45D7-B5EF-797F7A4744FD}.Release|Any CPU.Build.0 = Release|Any CPU
		{B5F56EFF-CF89-45D7-B5EF-797F7A4744FD}.Release|x64.ActiveCfg = Release|x64
		{B5F56EFF-CF89-45D7-B5EF-797F7A4744FD}.Release|x64.Build.0 = Release|x64
		{B5F56EFF-CF89-45D7-B5EF-797F7A4744FD}.Release|x86.ActiveCfg = Release|x86
		{B5F56EFF-CF89-45D7-B5EF-797F7A4744FD}.Release|x86.Build.0 = Release|x86
		{B5F56EFF-CF89-45D7-B5EF-797F7A4744FD}.Rsharp_app_release|Any CPU.ActiveCfg = Rsharp_app_release|Any CPU
		{B5F56EFF-CF89-45D7-B5EF-797F7A4744FD}.Rsharp_app_release|Any CPU.Build.0 = Rsharp_app_release|Any CPU
		{B5F56EFF-CF89-45D7-B5EF-797F7A4744FD}.Rsharp_app_release|x64.ActiveCfg = Rsharp_app_release|x64
		{B5F56EFF-CF89-45D7-B5EF-797F7A4744FD}.Rsharp_app_release|x64.Build.0 = Rsharp_app_release|x64
		{B5F56EFF-CF89-45D7-B5EF-797F7A4744FD}.Rsharp_app_release|x86.ActiveCfg = Rsharp_app_release|x86
		{B5F56EFF-CF89-45D7-B5EF-797F7A4744FD}.Rsharp_app_release|x86.Build.0 = Rsharp_app_release|x86
		{99130A73-C92D-4AAC-B973-A628EE28CD6A}.CFD_win32|Any CPU.ActiveCfg = CFD_win32|Any CPU
		{99130A73-C92D-4AAC-B973-A628EE28CD6A}.CFD_win32|Any CPU.Build.0 = CFD_win32|Any CPU
		{99130A73-C92D-4AAC-B973-A628EE28CD6A}.CFD_win32|x64.ActiveCfg = CFD_win32|x64
		{99130A73-C92D-4AAC-B973-A628EE28CD6A}.CFD_win32|x64.Build.0 = CFD_win32|x64
		{99130A73-C92D-4AAC-B973-A628EE28CD6A}.CFD_win32|x86.ActiveCfg = CFD_win32|Any CPU
		{99130A73-C92D-4AAC-B973-A628EE28CD6A}.CFD_win32|x86.Build.0 = CFD_win32|Any CPU
		{99130A73-C92D-4AAC-B973-A628EE28CD6A}.Debug|Any CPU.ActiveCfg = Debug|Any CPU
		{99130A73-C92D-4AAC-B973-A628EE28CD6A}.Debug|Any CPU.Build.0 = Debug|Any CPU
		{99130A73-C92D-4AAC-B973-A628EE28CD6A}.Debug|x64.ActiveCfg = Debug|x64
		{99130A73-C92D-4AAC-B973-A628EE28CD6A}.Debug|x64.Build.0 = Debug|x64
		{99130A73-C92D-4AAC-B973-A628EE28CD6A}.Debug|x86.ActiveCfg = Debug|Any CPU
		{99130A73-C92D-4AAC-B973-A628EE28CD6A}.Debug|x86.Build.0 = Debug|Any CPU
		{99130A73-C92D-4AAC-B973-A628EE28CD6A}.Docker|Any CPU.ActiveCfg = Debug|Any CPU
		{99130A73-C92D-4AAC-B973-A628EE28CD6A}.Docker|Any CPU.Build.0 = Debug|Any CPU
		{99130A73-C92D-4AAC-B973-A628EE28CD6A}.Docker|x64.ActiveCfg = Debug|x64
		{99130A73-C92D-4AAC-B973-A628EE28CD6A}.Docker|x64.Build.0 = Debug|x64
		{99130A73-C92D-4AAC-B973-A628EE28CD6A}.Docker|x86.ActiveCfg = Debug|Any CPU
		{99130A73-C92D-4AAC-B973-A628EE28CD6A}.Docker|x86.Build.0 = Debug|Any CPU
		{99130A73-C92D-4AAC-B973-A628EE28CD6A}.gcmodeller_desktop|Any CPU.ActiveCfg = gcmodeller_desktop|Any CPU
		{99130A73-C92D-4AAC-B973-A628EE28CD6A}.gcmodeller_desktop|Any CPU.Build.0 = gcmodeller_desktop|Any CPU
		{99130A73-C92D-4AAC-B973-A628EE28CD6A}.gcmodeller_desktop|x64.ActiveCfg = gcmodeller_desktop|x64
		{99130A73-C92D-4AAC-B973-A628EE28CD6A}.gcmodeller_desktop|x64.Build.0 = gcmodeller_desktop|x64
		{99130A73-C92D-4AAC-B973-A628EE28CD6A}.gcmodeller_desktop|x86.ActiveCfg = gcmodeller_desktop|Any CPU
		{99130A73-C92D-4AAC-B973-A628EE28CD6A}.gcmodeller_desktop|x86.Build.0 = gcmodeller_desktop|Any CPU
		{99130A73-C92D-4AAC-B973-A628EE28CD6A}.LipidSearch|Any CPU.ActiveCfg = LipidSearch|Any CPU
		{99130A73-C92D-4AAC-B973-A628EE28CD6A}.LipidSearch|Any CPU.Build.0 = LipidSearch|Any CPU
		{99130A73-C92D-4AAC-B973-A628EE28CD6A}.LipidSearch|x64.ActiveCfg = LipidSearch|x64
		{99130A73-C92D-4AAC-B973-A628EE28CD6A}.LipidSearch|x64.Build.0 = LipidSearch|x64
		{99130A73-C92D-4AAC-B973-A628EE28CD6A}.LipidSearch|x86.ActiveCfg = LipidSearch|Any CPU
		{99130A73-C92D-4AAC-B973-A628EE28CD6A}.LipidSearch|x86.Build.0 = LipidSearch|Any CPU
		{99130A73-C92D-4AAC-B973-A628EE28CD6A}.mzkit_win32|Any CPU.ActiveCfg = mzkit|Any CPU
		{99130A73-C92D-4AAC-B973-A628EE28CD6A}.mzkit_win32|Any CPU.Build.0 = mzkit|Any CPU
		{99130A73-C92D-4AAC-B973-A628EE28CD6A}.mzkit_win32|x64.ActiveCfg = mzkit|x64
		{99130A73-C92D-4AAC-B973-A628EE28CD6A}.mzkit_win32|x64.Build.0 = mzkit|x64
		{99130A73-C92D-4AAC-B973-A628EE28CD6A}.mzkit_win32|x86.ActiveCfg = mzkit|Any CPU
		{99130A73-C92D-4AAC-B973-A628EE28CD6A}.mzkit_win32|x86.Build.0 = mzkit|Any CPU
		{99130A73-C92D-4AAC-B973-A628EE28CD6A}.mzkit|Any CPU.ActiveCfg = mzkit|Any CPU
		{99130A73-C92D-4AAC-B973-A628EE28CD6A}.mzkit|Any CPU.Build.0 = mzkit|Any CPU
		{99130A73-C92D-4AAC-B973-A628EE28CD6A}.mzkit|x64.ActiveCfg = mzkit|x64
		{99130A73-C92D-4AAC-B973-A628EE28CD6A}.mzkit|x64.Build.0 = mzkit|x64
		{99130A73-C92D-4AAC-B973-A628EE28CD6A}.mzkit|x86.ActiveCfg = mzkit|Any CPU
		{99130A73-C92D-4AAC-B973-A628EE28CD6A}.mzkit|x86.Build.0 = mzkit|Any CPU
		{99130A73-C92D-4AAC-B973-A628EE28CD6A}.NPSearch|Any CPU.ActiveCfg = NPSearch|Any CPU
		{99130A73-C92D-4AAC-B973-A628EE28CD6A}.NPSearch|Any CPU.Build.0 = NPSearch|Any CPU
		{99130A73-C92D-4AAC-B973-A628EE28CD6A}.NPSearch|x64.ActiveCfg = NPSearch|x64
		{99130A73-C92D-4AAC-B973-A628EE28CD6A}.NPSearch|x64.Build.0 = NPSearch|x64
		{99130A73-C92D-4AAC-B973-A628EE28CD6A}.NPSearch|x86.ActiveCfg = NPSearch|Any CPU
		{99130A73-C92D-4AAC-B973-A628EE28CD6A}.NPSearch|x86.Build.0 = NPSearch|Any CPU
		{99130A73-C92D-4AAC-B973-A628EE28CD6A}.nuget_release|Any CPU.ActiveCfg = NPSearch|Any CPU
		{99130A73-C92D-4AAC-B973-A628EE28CD6A}.nuget_release|Any CPU.Build.0 = NPSearch|Any CPU
		{99130A73-C92D-4AAC-B973-A628EE28CD6A}.nuget_release|x64.ActiveCfg = NPSearch|x64
		{99130A73-C92D-4AAC-B973-A628EE28CD6A}.nuget_release|x64.Build.0 = NPSearch|x64
		{99130A73-C92D-4AAC-B973-A628EE28CD6A}.nuget_release|x86.ActiveCfg = NPSearch|Any CPU
		{99130A73-C92D-4AAC-B973-A628EE28CD6A}.nuget_release|x86.Build.0 = NPSearch|Any CPU
		{99130A73-C92D-4AAC-B973-A628EE28CD6A}.PlantMAT|Any CPU.ActiveCfg = PlantMAT|Any CPU
		{99130A73-C92D-4AAC-B973-A628EE28CD6A}.PlantMAT|Any CPU.Build.0 = PlantMAT|Any CPU
		{99130A73-C92D-4AAC-B973-A628EE28CD6A}.PlantMAT|x64.ActiveCfg = PlantMAT|x64
		{99130A73-C92D-4AAC-B973-A628EE28CD6A}.PlantMAT|x64.Build.0 = PlantMAT|x64
		{99130A73-C92D-4AAC-B973-A628EE28CD6A}.PlantMAT|x86.ActiveCfg = PlantMAT|Any CPU
		{99130A73-C92D-4AAC-B973-A628EE28CD6A}.PlantMAT|x86.Build.0 = PlantMAT|Any CPU
		{99130A73-C92D-4AAC-B973-A628EE28CD6A}.Release|Any CPU.ActiveCfg = Release|Any CPU
		{99130A73-C92D-4AAC-B973-A628EE28CD6A}.Release|Any CPU.Build.0 = Release|Any CPU
		{99130A73-C92D-4AAC-B973-A628EE28CD6A}.Release|x64.ActiveCfg = Release|x64
		{99130A73-C92D-4AAC-B973-A628EE28CD6A}.Release|x64.Build.0 = Release|x64
		{99130A73-C92D-4AAC-B973-A628EE28CD6A}.Release|x86.ActiveCfg = Release|Any CPU
		{99130A73-C92D-4AAC-B973-A628EE28CD6A}.Release|x86.Build.0 = Release|Any CPU
		{99130A73-C92D-4AAC-B973-A628EE28CD6A}.Rsharp_app_release|Any CPU.ActiveCfg = Rsharp_app_release|Any CPU
		{99130A73-C92D-4AAC-B973-A628EE28CD6A}.Rsharp_app_release|Any CPU.Build.0 = Rsharp_app_release|Any CPU
		{99130A73-C92D-4AAC-B973-A628EE28CD6A}.Rsharp_app_release|x64.ActiveCfg = Rsharp_app_release|x64
		{99130A73-C92D-4AAC-B973-A628EE28CD6A}.Rsharp_app_release|x64.Build.0 = Rsharp_app_release|x64
		{99130A73-C92D-4AAC-B973-A628EE28CD6A}.Rsharp_app_release|x86.ActiveCfg = Rsharp_app_release|Any CPU
		{99130A73-C92D-4AAC-B973-A628EE28CD6A}.Rsharp_app_release|x86.Build.0 = Rsharp_app_release|Any CPU
		{8735B408-854F-4C2F-82A5-81A616092B06}.CFD_win32|Any CPU.ActiveCfg = Debug|Any CPU
		{8735B408-854F-4C2F-82A5-81A616092B06}.CFD_win32|Any CPU.Build.0 = Debug|Any CPU
		{8735B408-854F-4C2F-82A5-81A616092B06}.CFD_win32|x64.ActiveCfg = Debug|x64
		{8735B408-854F-4C2F-82A5-81A616092B06}.CFD_win32|x64.Build.0 = Debug|x64
		{8735B408-854F-4C2F-82A5-81A616092B06}.CFD_win32|x86.ActiveCfg = Debug|Any CPU
		{8735B408-854F-4C2F-82A5-81A616092B06}.CFD_win32|x86.Build.0 = Debug|Any CPU
		{8735B408-854F-4C2F-82A5-81A616092B06}.Debug|Any CPU.ActiveCfg = Debug|Any CPU
		{8735B408-854F-4C2F-82A5-81A616092B06}.Debug|Any CPU.Build.0 = Debug|Any CPU
		{8735B408-854F-4C2F-82A5-81A616092B06}.Debug|x64.ActiveCfg = Debug|x64
		{8735B408-854F-4C2F-82A5-81A616092B06}.Debug|x64.Build.0 = Debug|x64
		{8735B408-854F-4C2F-82A5-81A616092B06}.Debug|x86.ActiveCfg = Debug|Any CPU
		{8735B408-854F-4C2F-82A5-81A616092B06}.Debug|x86.Build.0 = Debug|Any CPU
		{8735B408-854F-4C2F-82A5-81A616092B06}.Docker|Any CPU.ActiveCfg = Debug|Any CPU
		{8735B408-854F-4C2F-82A5-81A616092B06}.Docker|Any CPU.Build.0 = Debug|Any CPU
		{8735B408-854F-4C2F-82A5-81A616092B06}.Docker|x64.ActiveCfg = Debug|x64
		{8735B408-854F-4C2F-82A5-81A616092B06}.Docker|x64.Build.0 = Debug|x64
		{8735B408-854F-4C2F-82A5-81A616092B06}.Docker|x86.ActiveCfg = Debug|Any CPU
		{8735B408-854F-4C2F-82A5-81A616092B06}.Docker|x86.Build.0 = Debug|Any CPU
		{8735B408-854F-4C2F-82A5-81A616092B06}.gcmodeller_desktop|Any CPU.ActiveCfg = Debug|Any CPU
		{8735B408-854F-4C2F-82A5-81A616092B06}.gcmodeller_desktop|Any CPU.Build.0 = Debug|Any CPU
		{8735B408-854F-4C2F-82A5-81A616092B06}.gcmodeller_desktop|x64.ActiveCfg = Debug|x64
		{8735B408-854F-4C2F-82A5-81A616092B06}.gcmodeller_desktop|x64.Build.0 = Debug|x64
		{8735B408-854F-4C2F-82A5-81A616092B06}.gcmodeller_desktop|x86.ActiveCfg = Debug|Any CPU
		{8735B408-854F-4C2F-82A5-81A616092B06}.gcmodeller_desktop|x86.Build.0 = Debug|Any CPU
		{8735B408-854F-4C2F-82A5-81A616092B06}.LipidSearch|Any CPU.ActiveCfg = Debug|Any CPU
		{8735B408-854F-4C2F-82A5-81A616092B06}.LipidSearch|Any CPU.Build.0 = Debug|Any CPU
		{8735B408-854F-4C2F-82A5-81A616092B06}.LipidSearch|x64.ActiveCfg = Debug|x64
		{8735B408-854F-4C2F-82A5-81A616092B06}.LipidSearch|x64.Build.0 = Debug|x64
		{8735B408-854F-4C2F-82A5-81A616092B06}.LipidSearch|x86.ActiveCfg = Debug|Any CPU
		{8735B408-854F-4C2F-82A5-81A616092B06}.LipidSearch|x86.Build.0 = Debug|Any CPU
		{8735B408-854F-4C2F-82A5-81A616092B06}.mzkit_win32|Any CPU.ActiveCfg = mzkit_win32|Any CPU
		{8735B408-854F-4C2F-82A5-81A616092B06}.mzkit_win32|Any CPU.Build.0 = mzkit_win32|Any CPU
		{8735B408-854F-4C2F-82A5-81A616092B06}.mzkit_win32|x64.ActiveCfg = mzkit_win32|x64
		{8735B408-854F-4C2F-82A5-81A616092B06}.mzkit_win32|x64.Build.0 = mzkit_win32|x64
		{8735B408-854F-4C2F-82A5-81A616092B06}.mzkit_win32|x86.ActiveCfg = mzkit_win32|Any CPU
		{8735B408-854F-4C2F-82A5-81A616092B06}.mzkit_win32|x86.Build.0 = mzkit_win32|Any CPU
		{8735B408-854F-4C2F-82A5-81A616092B06}.mzkit|Any CPU.ActiveCfg = mzkit_win32|Any CPU
		{8735B408-854F-4C2F-82A5-81A616092B06}.mzkit|Any CPU.Build.0 = mzkit_win32|Any CPU
		{8735B408-854F-4C2F-82A5-81A616092B06}.mzkit|x64.ActiveCfg = mzkit_win32|x64
		{8735B408-854F-4C2F-82A5-81A616092B06}.mzkit|x64.Build.0 = mzkit_win32|x64
		{8735B408-854F-4C2F-82A5-81A616092B06}.mzkit|x86.ActiveCfg = mzkit_win32|Any CPU
		{8735B408-854F-4C2F-82A5-81A616092B06}.mzkit|x86.Build.0 = mzkit_win32|Any CPU
		{8735B408-854F-4C2F-82A5-81A616092B06}.NPSearch|Any CPU.ActiveCfg = Debug|Any CPU
		{8735B408-854F-4C2F-82A5-81A616092B06}.NPSearch|Any CPU.Build.0 = Debug|Any CPU
		{8735B408-854F-4C2F-82A5-81A616092B06}.NPSearch|x64.ActiveCfg = Debug|x64
		{8735B408-854F-4C2F-82A5-81A616092B06}.NPSearch|x64.Build.0 = Debug|x64
		{8735B408-854F-4C2F-82A5-81A616092B06}.NPSearch|x86.ActiveCfg = Debug|Any CPU
		{8735B408-854F-4C2F-82A5-81A616092B06}.NPSearch|x86.Build.0 = Debug|Any CPU
		{8735B408-854F-4C2F-82A5-81A616092B06}.nuget_release|Any CPU.ActiveCfg = Debug|Any CPU
		{8735B408-854F-4C2F-82A5-81A616092B06}.nuget_release|Any CPU.Build.0 = Debug|Any CPU
		{8735B408-854F-4C2F-82A5-81A616092B06}.nuget_release|x64.ActiveCfg = Debug|x64
		{8735B408-854F-4C2F-82A5-81A616092B06}.nuget_release|x64.Build.0 = Debug|x64
		{8735B408-854F-4C2F-82A5-81A616092B06}.nuget_release|x86.ActiveCfg = Debug|Any CPU
		{8735B408-854F-4C2F-82A5-81A616092B06}.nuget_release|x86.Build.0 = Debug|Any CPU
		{8735B408-854F-4C2F-82A5-81A616092B06}.PlantMAT|Any CPU.ActiveCfg = Debug|Any CPU
		{8735B408-854F-4C2F-82A5-81A616092B06}.PlantMAT|Any CPU.Build.0 = Debug|Any CPU
		{8735B408-854F-4C2F-82A5-81A616092B06}.PlantMAT|x64.ActiveCfg = Debug|x64
		{8735B408-854F-4C2F-82A5-81A616092B06}.PlantMAT|x64.Build.0 = Debug|x64
		{8735B408-854F-4C2F-82A5-81A616092B06}.PlantMAT|x86.ActiveCfg = Debug|Any CPU
		{8735B408-854F-4C2F-82A5-81A616092B06}.PlantMAT|x86.Build.0 = Debug|Any CPU
		{8735B408-854F-4C2F-82A5-81A616092B06}.Release|Any CPU.ActiveCfg = Release|Any CPU
		{8735B408-854F-4C2F-82A5-81A616092B06}.Release|Any CPU.Build.0 = Release|Any CPU
		{8735B408-854F-4C2F-82A5-81A616092B06}.Release|x64.ActiveCfg = Release|x64
		{8735B408-854F-4C2F-82A5-81A616092B06}.Release|x64.Build.0 = Release|x64
		{8735B408-854F-4C2F-82A5-81A616092B06}.Release|x86.ActiveCfg = Release|Any CPU
		{8735B408-854F-4C2F-82A5-81A616092B06}.Release|x86.Build.0 = Release|Any CPU
		{8735B408-854F-4C2F-82A5-81A616092B06}.Rsharp_app_release|Any CPU.ActiveCfg = Rsharp_app_release|Any CPU
		{8735B408-854F-4C2F-82A5-81A616092B06}.Rsharp_app_release|Any CPU.Build.0 = Rsharp_app_release|Any CPU
		{8735B408-854F-4C2F-82A5-81A616092B06}.Rsharp_app_release|x64.ActiveCfg = Rsharp_app_release|x64
		{8735B408-854F-4C2F-82A5-81A616092B06}.Rsharp_app_release|x64.Build.0 = Rsharp_app_release|x64
		{8735B408-854F-4C2F-82A5-81A616092B06}.Rsharp_app_release|x86.ActiveCfg = Rsharp_app_release|Any CPU
		{8735B408-854F-4C2F-82A5-81A616092B06}.Rsharp_app_release|x86.Build.0 = Rsharp_app_release|Any CPU
		{C361E20C-57D7-4785-BEDC-C30429CCCC65}.CFD_win32|Any CPU.ActiveCfg = Debug|Any CPU
		{C361E20C-57D7-4785-BEDC-C30429CCCC65}.CFD_win32|Any CPU.Build.0 = Debug|Any CPU
		{C361E20C-57D7-4785-BEDC-C30429CCCC65}.CFD_win32|x64.ActiveCfg = Debug|x64
		{C361E20C-57D7-4785-BEDC-C30429CCCC65}.CFD_win32|x64.Build.0 = Debug|x64
		{C361E20C-57D7-4785-BEDC-C30429CCCC65}.CFD_win32|x86.ActiveCfg = Debug|Any CPU
		{C361E20C-57D7-4785-BEDC-C30429CCCC65}.CFD_win32|x86.Build.0 = Debug|Any CPU
		{C361E20C-57D7-4785-BEDC-C30429CCCC65}.Debug|Any CPU.ActiveCfg = Debug|Any CPU
		{C361E20C-57D7-4785-BEDC-C30429CCCC65}.Debug|Any CPU.Build.0 = Debug|Any CPU
		{C361E20C-57D7-4785-BEDC-C30429CCCC65}.Debug|x64.ActiveCfg = Debug|x64
		{C361E20C-57D7-4785-BEDC-C30429CCCC65}.Debug|x64.Build.0 = Debug|x64
		{C361E20C-57D7-4785-BEDC-C30429CCCC65}.Debug|x86.ActiveCfg = Debug|Any CPU
		{C361E20C-57D7-4785-BEDC-C30429CCCC65}.Debug|x86.Build.0 = Debug|Any CPU
		{C361E20C-57D7-4785-BEDC-C30429CCCC65}.Docker|Any CPU.ActiveCfg = Debug|Any CPU
		{C361E20C-57D7-4785-BEDC-C30429CCCC65}.Docker|Any CPU.Build.0 = Debug|Any CPU
		{C361E20C-57D7-4785-BEDC-C30429CCCC65}.Docker|x64.ActiveCfg = Debug|x64
		{C361E20C-57D7-4785-BEDC-C30429CCCC65}.Docker|x64.Build.0 = Debug|x64
		{C361E20C-57D7-4785-BEDC-C30429CCCC65}.Docker|x86.ActiveCfg = Debug|Any CPU
		{C361E20C-57D7-4785-BEDC-C30429CCCC65}.Docker|x86.Build.0 = Debug|Any CPU
		{C361E20C-57D7-4785-BEDC-C30429CCCC65}.gcmodeller_desktop|Any CPU.ActiveCfg = Debug|Any CPU
		{C361E20C-57D7-4785-BEDC-C30429CCCC65}.gcmodeller_desktop|Any CPU.Build.0 = Debug|Any CPU
		{C361E20C-57D7-4785-BEDC-C30429CCCC65}.gcmodeller_desktop|x64.ActiveCfg = Debug|x64
		{C361E20C-57D7-4785-BEDC-C30429CCCC65}.gcmodeller_desktop|x64.Build.0 = Debug|x64
		{C361E20C-57D7-4785-BEDC-C30429CCCC65}.gcmodeller_desktop|x86.ActiveCfg = Debug|Any CPU
		{C361E20C-57D7-4785-BEDC-C30429CCCC65}.gcmodeller_desktop|x86.Build.0 = Debug|Any CPU
		{C361E20C-57D7-4785-BEDC-C30429CCCC65}.LipidSearch|Any CPU.ActiveCfg = Debug|Any CPU
		{C361E20C-57D7-4785-BEDC-C30429CCCC65}.LipidSearch|Any CPU.Build.0 = Debug|Any CPU
		{C361E20C-57D7-4785-BEDC-C30429CCCC65}.LipidSearch|x64.ActiveCfg = Debug|x64
		{C361E20C-57D7-4785-BEDC-C30429CCCC65}.LipidSearch|x64.Build.0 = Debug|x64
		{C361E20C-57D7-4785-BEDC-C30429CCCC65}.LipidSearch|x86.ActiveCfg = Debug|Any CPU
		{C361E20C-57D7-4785-BEDC-C30429CCCC65}.LipidSearch|x86.Build.0 = Debug|Any CPU
		{C361E20C-57D7-4785-BEDC-C30429CCCC65}.mzkit_win32|Any CPU.ActiveCfg = mzkit_win32|Any CPU
		{C361E20C-57D7-4785-BEDC-C30429CCCC65}.mzkit_win32|Any CPU.Build.0 = mzkit_win32|Any CPU
		{C361E20C-57D7-4785-BEDC-C30429CCCC65}.mzkit_win32|x64.ActiveCfg = mzkit_win32|x64
		{C361E20C-57D7-4785-BEDC-C30429CCCC65}.mzkit_win32|x64.Build.0 = mzkit_win32|x64
		{C361E20C-57D7-4785-BEDC-C30429CCCC65}.mzkit_win32|x86.ActiveCfg = mzkit_win32|Any CPU
		{C361E20C-57D7-4785-BEDC-C30429CCCC65}.mzkit_win32|x86.Build.0 = mzkit_win32|Any CPU
		{C361E20C-57D7-4785-BEDC-C30429CCCC65}.mzkit|Any CPU.ActiveCfg = mzkit_win32|Any CPU
		{C361E20C-57D7-4785-BEDC-C30429CCCC65}.mzkit|Any CPU.Build.0 = mzkit_win32|Any CPU
		{C361E20C-57D7-4785-BEDC-C30429CCCC65}.mzkit|x64.ActiveCfg = mzkit_win32|x64
		{C361E20C-57D7-4785-BEDC-C30429CCCC65}.mzkit|x64.Build.0 = mzkit_win32|x64
		{C361E20C-57D7-4785-BEDC-C30429CCCC65}.mzkit|x86.ActiveCfg = mzkit_win32|Any CPU
		{C361E20C-57D7-4785-BEDC-C30429CCCC65}.mzkit|x86.Build.0 = mzkit_win32|Any CPU
		{C361E20C-57D7-4785-BEDC-C30429CCCC65}.NPSearch|Any CPU.ActiveCfg = Debug|Any CPU
		{C361E20C-57D7-4785-BEDC-C30429CCCC65}.NPSearch|Any CPU.Build.0 = Debug|Any CPU
		{C361E20C-57D7-4785-BEDC-C30429CCCC65}.NPSearch|x64.ActiveCfg = Debug|x64
		{C361E20C-57D7-4785-BEDC-C30429CCCC65}.NPSearch|x64.Build.0 = Debug|x64
		{C361E20C-57D7-4785-BEDC-C30429CCCC65}.NPSearch|x86.ActiveCfg = Debug|Any CPU
		{C361E20C-57D7-4785-BEDC-C30429CCCC65}.NPSearch|x86.Build.0 = Debug|Any CPU
		{C361E20C-57D7-4785-BEDC-C30429CCCC65}.nuget_release|Any CPU.ActiveCfg = Debug|Any CPU
		{C361E20C-57D7-4785-BEDC-C30429CCCC65}.nuget_release|Any CPU.Build.0 = Debug|Any CPU
		{C361E20C-57D7-4785-BEDC-C30429CCCC65}.nuget_release|x64.ActiveCfg = Debug|x64
		{C361E20C-57D7-4785-BEDC-C30429CCCC65}.nuget_release|x64.Build.0 = Debug|x64
		{C361E20C-57D7-4785-BEDC-C30429CCCC65}.nuget_release|x86.ActiveCfg = Debug|Any CPU
		{C361E20C-57D7-4785-BEDC-C30429CCCC65}.nuget_release|x86.Build.0 = Debug|Any CPU
		{C361E20C-57D7-4785-BEDC-C30429CCCC65}.PlantMAT|Any CPU.ActiveCfg = Debug|Any CPU
		{C361E20C-57D7-4785-BEDC-C30429CCCC65}.PlantMAT|Any CPU.Build.0 = Debug|Any CPU
		{C361E20C-57D7-4785-BEDC-C30429CCCC65}.PlantMAT|x64.ActiveCfg = Debug|x64
		{C361E20C-57D7-4785-BEDC-C30429CCCC65}.PlantMAT|x64.Build.0 = Debug|x64
		{C361E20C-57D7-4785-BEDC-C30429CCCC65}.PlantMAT|x86.ActiveCfg = Debug|Any CPU
		{C361E20C-57D7-4785-BEDC-C30429CCCC65}.PlantMAT|x86.Build.0 = Debug|Any CPU
		{C361E20C-57D7-4785-BEDC-C30429CCCC65}.Release|Any CPU.ActiveCfg = Release|Any CPU
		{C361E20C-57D7-4785-BEDC-C30429CCCC65}.Release|Any CPU.Build.0 = Release|Any CPU
		{C361E20C-57D7-4785-BEDC-C30429CCCC65}.Release|x64.ActiveCfg = Release|x64
		{C361E20C-57D7-4785-BEDC-C30429CCCC65}.Release|x64.Build.0 = Release|x64
		{C361E20C-57D7-4785-BEDC-C30429CCCC65}.Release|x86.ActiveCfg = Release|Any CPU
		{C361E20C-57D7-4785-BEDC-C30429CCCC65}.Release|x86.Build.0 = Release|Any CPU
		{C361E20C-57D7-4785-BEDC-C30429CCCC65}.Rsharp_app_release|Any CPU.ActiveCfg = Rsharp_app_release|Any CPU
		{C361E20C-57D7-4785-BEDC-C30429CCCC65}.Rsharp_app_release|Any CPU.Build.0 = Rsharp_app_release|Any CPU
		{C361E20C-57D7-4785-BEDC-C30429CCCC65}.Rsharp_app_release|x64.ActiveCfg = Rsharp_app_release|x64
		{C361E20C-57D7-4785-BEDC-C30429CCCC65}.Rsharp_app_release|x64.Build.0 = Rsharp_app_release|x64
		{C361E20C-57D7-4785-BEDC-C30429CCCC65}.Rsharp_app_release|x86.ActiveCfg = Rsharp_app_release|Any CPU
		{C361E20C-57D7-4785-BEDC-C30429CCCC65}.Rsharp_app_release|x86.Build.0 = Rsharp_app_release|Any CPU
		{795F50C4-9BD8-4C79-AAEA-5EFE29608254}.CFD_win32|Any CPU.ActiveCfg = Debug|Any CPU
		{795F50C4-9BD8-4C79-AAEA-5EFE29608254}.CFD_win32|Any CPU.Build.0 = Debug|Any CPU
		{795F50C4-9BD8-4C79-AAEA-5EFE29608254}.CFD_win32|x64.ActiveCfg = Debug|x64
		{795F50C4-9BD8-4C79-AAEA-5EFE29608254}.CFD_win32|x64.Build.0 = Debug|x64
		{795F50C4-9BD8-4C79-AAEA-5EFE29608254}.CFD_win32|x86.ActiveCfg = Debug|Any CPU
		{795F50C4-9BD8-4C79-AAEA-5EFE29608254}.CFD_win32|x86.Build.0 = Debug|Any CPU
		{795F50C4-9BD8-4C79-AAEA-5EFE29608254}.Debug|Any CPU.ActiveCfg = Debug|Any CPU
		{795F50C4-9BD8-4C79-AAEA-5EFE29608254}.Debug|Any CPU.Build.0 = Debug|Any CPU
		{795F50C4-9BD8-4C79-AAEA-5EFE29608254}.Debug|x64.ActiveCfg = Debug|x64
		{795F50C4-9BD8-4C79-AAEA-5EFE29608254}.Debug|x64.Build.0 = Debug|x64
		{795F50C4-9BD8-4C79-AAEA-5EFE29608254}.Debug|x86.ActiveCfg = Debug|Any CPU
		{795F50C4-9BD8-4C79-AAEA-5EFE29608254}.Debug|x86.Build.0 = Debug|Any CPU
		{795F50C4-9BD8-4C79-AAEA-5EFE29608254}.Docker|Any CPU.ActiveCfg = Docker|Any CPU
		{795F50C4-9BD8-4C79-AAEA-5EFE29608254}.Docker|Any CPU.Build.0 = Docker|Any CPU
		{795F50C4-9BD8-4C79-AAEA-5EFE29608254}.Docker|x64.ActiveCfg = Docker|x64
		{795F50C4-9BD8-4C79-AAEA-5EFE29608254}.Docker|x64.Build.0 = Docker|x64
		{795F50C4-9BD8-4C79-AAEA-5EFE29608254}.Docker|x86.ActiveCfg = Docker|Any CPU
		{795F50C4-9BD8-4C79-AAEA-5EFE29608254}.Docker|x86.Build.0 = Docker|Any CPU
		{795F50C4-9BD8-4C79-AAEA-5EFE29608254}.gcmodeller_desktop|Any CPU.ActiveCfg = gcmodeller_desktop|Any CPU
		{795F50C4-9BD8-4C79-AAEA-5EFE29608254}.gcmodeller_desktop|Any CPU.Build.0 = gcmodeller_desktop|Any CPU
		{795F50C4-9BD8-4C79-AAEA-5EFE29608254}.gcmodeller_desktop|x64.ActiveCfg = gcmodeller_desktop|x64
		{795F50C4-9BD8-4C79-AAEA-5EFE29608254}.gcmodeller_desktop|x64.Build.0 = gcmodeller_desktop|x64
		{795F50C4-9BD8-4C79-AAEA-5EFE29608254}.gcmodeller_desktop|x86.ActiveCfg = gcmodeller_desktop|Any CPU
		{795F50C4-9BD8-4C79-AAEA-5EFE29608254}.gcmodeller_desktop|x86.Build.0 = gcmodeller_desktop|Any CPU
		{795F50C4-9BD8-4C79-AAEA-5EFE29608254}.LipidSearch|Any CPU.ActiveCfg = LipidSearch|Any CPU
		{795F50C4-9BD8-4C79-AAEA-5EFE29608254}.LipidSearch|Any CPU.Build.0 = LipidSearch|Any CPU
		{795F50C4-9BD8-4C79-AAEA-5EFE29608254}.LipidSearch|x64.ActiveCfg = LipidSearch|x64
		{795F50C4-9BD8-4C79-AAEA-5EFE29608254}.LipidSearch|x64.Build.0 = LipidSearch|x64
		{795F50C4-9BD8-4C79-AAEA-5EFE29608254}.LipidSearch|x86.ActiveCfg = LipidSearch|Any CPU
		{795F50C4-9BD8-4C79-AAEA-5EFE29608254}.LipidSearch|x86.Build.0 = LipidSearch|Any CPU
		{795F50C4-9BD8-4C79-AAEA-5EFE29608254}.mzkit_win32|Any CPU.ActiveCfg = mzkit_win32|Any CPU
		{795F50C4-9BD8-4C79-AAEA-5EFE29608254}.mzkit_win32|Any CPU.Build.0 = mzkit_win32|Any CPU
		{795F50C4-9BD8-4C79-AAEA-5EFE29608254}.mzkit_win32|x64.ActiveCfg = mzkit_win32|x64
		{795F50C4-9BD8-4C79-AAEA-5EFE29608254}.mzkit_win32|x64.Build.0 = mzkit_win32|x64
		{795F50C4-9BD8-4C79-AAEA-5EFE29608254}.mzkit_win32|x86.ActiveCfg = mzkit_win32|Any CPU
		{795F50C4-9BD8-4C79-AAEA-5EFE29608254}.mzkit_win32|x86.Build.0 = mzkit_win32|Any CPU
		{795F50C4-9BD8-4C79-AAEA-5EFE29608254}.mzkit|Any CPU.ActiveCfg = mzkit_win32|Any CPU
		{795F50C4-9BD8-4C79-AAEA-5EFE29608254}.mzkit|Any CPU.Build.0 = mzkit_win32|Any CPU
		{795F50C4-9BD8-4C79-AAEA-5EFE29608254}.mzkit|x64.ActiveCfg = mzkit_win32|x64
		{795F50C4-9BD8-4C79-AAEA-5EFE29608254}.mzkit|x64.Build.0 = mzkit_win32|x64
		{795F50C4-9BD8-4C79-AAEA-5EFE29608254}.mzkit|x86.ActiveCfg = mzkit_win32|Any CPU
		{795F50C4-9BD8-4C79-AAEA-5EFE29608254}.mzkit|x86.Build.0 = mzkit_win32|Any CPU
		{795F50C4-9BD8-4C79-AAEA-5EFE29608254}.NPSearch|Any CPU.ActiveCfg = NPSearch|Any CPU
		{795F50C4-9BD8-4C79-AAEA-5EFE29608254}.NPSearch|Any CPU.Build.0 = NPSearch|Any CPU
		{795F50C4-9BD8-4C79-AAEA-5EFE29608254}.NPSearch|x64.ActiveCfg = NPSearch|x64
		{795F50C4-9BD8-4C79-AAEA-5EFE29608254}.NPSearch|x64.Build.0 = NPSearch|x64
		{795F50C4-9BD8-4C79-AAEA-5EFE29608254}.NPSearch|x86.ActiveCfg = NPSearch|Any CPU
		{795F50C4-9BD8-4C79-AAEA-5EFE29608254}.NPSearch|x86.Build.0 = NPSearch|Any CPU
		{795F50C4-9BD8-4C79-AAEA-5EFE29608254}.nuget_release|Any CPU.ActiveCfg = NPSearch|Any CPU
		{795F50C4-9BD8-4C79-AAEA-5EFE29608254}.nuget_release|Any CPU.Build.0 = NPSearch|Any CPU
		{795F50C4-9BD8-4C79-AAEA-5EFE29608254}.nuget_release|x64.ActiveCfg = NPSearch|x64
		{795F50C4-9BD8-4C79-AAEA-5EFE29608254}.nuget_release|x64.Build.0 = NPSearch|x64
		{795F50C4-9BD8-4C79-AAEA-5EFE29608254}.nuget_release|x86.ActiveCfg = NPSearch|Any CPU
		{795F50C4-9BD8-4C79-AAEA-5EFE29608254}.nuget_release|x86.Build.0 = NPSearch|Any CPU
		{795F50C4-9BD8-4C79-AAEA-5EFE29608254}.PlantMAT|Any CPU.ActiveCfg = PlantMAT|Any CPU
		{795F50C4-9BD8-4C79-AAEA-5EFE29608254}.PlantMAT|Any CPU.Build.0 = PlantMAT|Any CPU
		{795F50C4-9BD8-4C79-AAEA-5EFE29608254}.PlantMAT|x64.ActiveCfg = PlantMAT|x64
		{795F50C4-9BD8-4C79-AAEA-5EFE29608254}.PlantMAT|x64.Build.0 = PlantMAT|x64
		{795F50C4-9BD8-4C79-AAEA-5EFE29608254}.PlantMAT|x86.ActiveCfg = PlantMAT|Any CPU
		{795F50C4-9BD8-4C79-AAEA-5EFE29608254}.PlantMAT|x86.Build.0 = PlantMAT|Any CPU
		{795F50C4-9BD8-4C79-AAEA-5EFE29608254}.Release|Any CPU.ActiveCfg = Release|Any CPU
		{795F50C4-9BD8-4C79-AAEA-5EFE29608254}.Release|Any CPU.Build.0 = Release|Any CPU
		{795F50C4-9BD8-4C79-AAEA-5EFE29608254}.Release|x64.ActiveCfg = Release|x64
		{795F50C4-9BD8-4C79-AAEA-5EFE29608254}.Release|x64.Build.0 = Release|x64
		{795F50C4-9BD8-4C79-AAEA-5EFE29608254}.Release|x86.ActiveCfg = Release|Any CPU
		{795F50C4-9BD8-4C79-AAEA-5EFE29608254}.Release|x86.Build.0 = Release|Any CPU
		{795F50C4-9BD8-4C79-AAEA-5EFE29608254}.Rsharp_app_release|Any CPU.ActiveCfg = Rsharp_app_release|Any CPU
		{795F50C4-9BD8-4C79-AAEA-5EFE29608254}.Rsharp_app_release|Any CPU.Build.0 = Rsharp_app_release|Any CPU
		{795F50C4-9BD8-4C79-AAEA-5EFE29608254}.Rsharp_app_release|x64.ActiveCfg = Rsharp_app_release|x64
		{795F50C4-9BD8-4C79-AAEA-5EFE29608254}.Rsharp_app_release|x64.Build.0 = Rsharp_app_release|x64
		{795F50C4-9BD8-4C79-AAEA-5EFE29608254}.Rsharp_app_release|x86.ActiveCfg = Rsharp_app_release|Any CPU
		{795F50C4-9BD8-4C79-AAEA-5EFE29608254}.Rsharp_app_release|x86.Build.0 = Rsharp_app_release|Any CPU
		{2C33DF1C-6B2C-46FB-A9AC-61120C6601DB}.CFD_win32|Any CPU.ActiveCfg = Debug|Any CPU
		{2C33DF1C-6B2C-46FB-A9AC-61120C6601DB}.CFD_win32|Any CPU.Build.0 = Debug|Any CPU
		{2C33DF1C-6B2C-46FB-A9AC-61120C6601DB}.CFD_win32|x64.ActiveCfg = Debug|x64
		{2C33DF1C-6B2C-46FB-A9AC-61120C6601DB}.CFD_win32|x64.Build.0 = Debug|x64
		{2C33DF1C-6B2C-46FB-A9AC-61120C6601DB}.CFD_win32|x86.ActiveCfg = Debug|Any CPU
		{2C33DF1C-6B2C-46FB-A9AC-61120C6601DB}.CFD_win32|x86.Build.0 = Debug|Any CPU
		{2C33DF1C-6B2C-46FB-A9AC-61120C6601DB}.Debug|Any CPU.ActiveCfg = Debug|Any CPU
		{2C33DF1C-6B2C-46FB-A9AC-61120C6601DB}.Debug|Any CPU.Build.0 = Debug|Any CPU
		{2C33DF1C-6B2C-46FB-A9AC-61120C6601DB}.Debug|x64.ActiveCfg = Debug|x64
		{2C33DF1C-6B2C-46FB-A9AC-61120C6601DB}.Debug|x64.Build.0 = Debug|x64
		{2C33DF1C-6B2C-46FB-A9AC-61120C6601DB}.Debug|x86.ActiveCfg = Debug|Any CPU
		{2C33DF1C-6B2C-46FB-A9AC-61120C6601DB}.Debug|x86.Build.0 = Debug|Any CPU
		{2C33DF1C-6B2C-46FB-A9AC-61120C6601DB}.Docker|Any CPU.ActiveCfg = Debug|Any CPU
		{2C33DF1C-6B2C-46FB-A9AC-61120C6601DB}.Docker|Any CPU.Build.0 = Debug|Any CPU
		{2C33DF1C-6B2C-46FB-A9AC-61120C6601DB}.Docker|x64.ActiveCfg = Debug|x64
		{2C33DF1C-6B2C-46FB-A9AC-61120C6601DB}.Docker|x64.Build.0 = Debug|x64
		{2C33DF1C-6B2C-46FB-A9AC-61120C6601DB}.Docker|x86.ActiveCfg = Debug|Any CPU
		{2C33DF1C-6B2C-46FB-A9AC-61120C6601DB}.Docker|x86.Build.0 = Debug|Any CPU
		{2C33DF1C-6B2C-46FB-A9AC-61120C6601DB}.gcmodeller_desktop|Any CPU.ActiveCfg = Debug|Any CPU
		{2C33DF1C-6B2C-46FB-A9AC-61120C6601DB}.gcmodeller_desktop|Any CPU.Build.0 = Debug|Any CPU
		{2C33DF1C-6B2C-46FB-A9AC-61120C6601DB}.gcmodeller_desktop|x64.ActiveCfg = Debug|x64
		{2C33DF1C-6B2C-46FB-A9AC-61120C6601DB}.gcmodeller_desktop|x64.Build.0 = Debug|x64
		{2C33DF1C-6B2C-46FB-A9AC-61120C6601DB}.gcmodeller_desktop|x86.ActiveCfg = Debug|Any CPU
		{2C33DF1C-6B2C-46FB-A9AC-61120C6601DB}.gcmodeller_desktop|x86.Build.0 = Debug|Any CPU
		{2C33DF1C-6B2C-46FB-A9AC-61120C6601DB}.LipidSearch|Any CPU.ActiveCfg = Debug|Any CPU
		{2C33DF1C-6B2C-46FB-A9AC-61120C6601DB}.LipidSearch|Any CPU.Build.0 = Debug|Any CPU
		{2C33DF1C-6B2C-46FB-A9AC-61120C6601DB}.LipidSearch|x64.ActiveCfg = Debug|x64
		{2C33DF1C-6B2C-46FB-A9AC-61120C6601DB}.LipidSearch|x64.Build.0 = Debug|x64
		{2C33DF1C-6B2C-46FB-A9AC-61120C6601DB}.LipidSearch|x86.ActiveCfg = Debug|Any CPU
		{2C33DF1C-6B2C-46FB-A9AC-61120C6601DB}.LipidSearch|x86.Build.0 = Debug|Any CPU
		{2C33DF1C-6B2C-46FB-A9AC-61120C6601DB}.mzkit_win32|Any CPU.ActiveCfg = mzkit_win32|Any CPU
		{2C33DF1C-6B2C-46FB-A9AC-61120C6601DB}.mzkit_win32|Any CPU.Build.0 = mzkit_win32|Any CPU
		{2C33DF1C-6B2C-46FB-A9AC-61120C6601DB}.mzkit_win32|x64.ActiveCfg = mzkit_win32|x64
		{2C33DF1C-6B2C-46FB-A9AC-61120C6601DB}.mzkit_win32|x64.Build.0 = mzkit_win32|x64
		{2C33DF1C-6B2C-46FB-A9AC-61120C6601DB}.mzkit_win32|x86.ActiveCfg = mzkit_win32|Any CPU
		{2C33DF1C-6B2C-46FB-A9AC-61120C6601DB}.mzkit_win32|x86.Build.0 = mzkit_win32|Any CPU
		{2C33DF1C-6B2C-46FB-A9AC-61120C6601DB}.mzkit|Any CPU.ActiveCfg = mzkit_win32|Any CPU
		{2C33DF1C-6B2C-46FB-A9AC-61120C6601DB}.mzkit|Any CPU.Build.0 = mzkit_win32|Any CPU
		{2C33DF1C-6B2C-46FB-A9AC-61120C6601DB}.mzkit|x64.ActiveCfg = mzkit_win32|x64
		{2C33DF1C-6B2C-46FB-A9AC-61120C6601DB}.mzkit|x64.Build.0 = mzkit_win32|x64
		{2C33DF1C-6B2C-46FB-A9AC-61120C6601DB}.mzkit|x86.ActiveCfg = mzkit_win32|Any CPU
		{2C33DF1C-6B2C-46FB-A9AC-61120C6601DB}.mzkit|x86.Build.0 = mzkit_win32|Any CPU
		{2C33DF1C-6B2C-46FB-A9AC-61120C6601DB}.NPSearch|Any CPU.ActiveCfg = Debug|Any CPU
		{2C33DF1C-6B2C-46FB-A9AC-61120C6601DB}.NPSearch|Any CPU.Build.0 = Debug|Any CPU
		{2C33DF1C-6B2C-46FB-A9AC-61120C6601DB}.NPSearch|x64.ActiveCfg = Debug|x64
		{2C33DF1C-6B2C-46FB-A9AC-61120C6601DB}.NPSearch|x64.Build.0 = Debug|x64
		{2C33DF1C-6B2C-46FB-A9AC-61120C6601DB}.NPSearch|x86.ActiveCfg = Debug|Any CPU
		{2C33DF1C-6B2C-46FB-A9AC-61120C6601DB}.NPSearch|x86.Build.0 = Debug|Any CPU
		{2C33DF1C-6B2C-46FB-A9AC-61120C6601DB}.nuget_release|Any CPU.ActiveCfg = Debug|Any CPU
		{2C33DF1C-6B2C-46FB-A9AC-61120C6601DB}.nuget_release|Any CPU.Build.0 = Debug|Any CPU
		{2C33DF1C-6B2C-46FB-A9AC-61120C6601DB}.nuget_release|x64.ActiveCfg = Debug|x64
		{2C33DF1C-6B2C-46FB-A9AC-61120C6601DB}.nuget_release|x64.Build.0 = Debug|x64
		{2C33DF1C-6B2C-46FB-A9AC-61120C6601DB}.nuget_release|x86.ActiveCfg = Debug|Any CPU
		{2C33DF1C-6B2C-46FB-A9AC-61120C6601DB}.nuget_release|x86.Build.0 = Debug|Any CPU
		{2C33DF1C-6B2C-46FB-A9AC-61120C6601DB}.PlantMAT|Any CPU.ActiveCfg = Debug|Any CPU
		{2C33DF1C-6B2C-46FB-A9AC-61120C6601DB}.PlantMAT|Any CPU.Build.0 = Debug|Any CPU
		{2C33DF1C-6B2C-46FB-A9AC-61120C6601DB}.PlantMAT|x64.ActiveCfg = Debug|x64
		{2C33DF1C-6B2C-46FB-A9AC-61120C6601DB}.PlantMAT|x64.Build.0 = Debug|x64
		{2C33DF1C-6B2C-46FB-A9AC-61120C6601DB}.PlantMAT|x86.ActiveCfg = Debug|Any CPU
		{2C33DF1C-6B2C-46FB-A9AC-61120C6601DB}.PlantMAT|x86.Build.0 = Debug|Any CPU
		{2C33DF1C-6B2C-46FB-A9AC-61120C6601DB}.Release|Any CPU.ActiveCfg = Release|Any CPU
		{2C33DF1C-6B2C-46FB-A9AC-61120C6601DB}.Release|Any CPU.Build.0 = Release|Any CPU
		{2C33DF1C-6B2C-46FB-A9AC-61120C6601DB}.Release|x64.ActiveCfg = Release|x64
		{2C33DF1C-6B2C-46FB-A9AC-61120C6601DB}.Release|x64.Build.0 = Release|x64
		{2C33DF1C-6B2C-46FB-A9AC-61120C6601DB}.Release|x86.ActiveCfg = Release|Any CPU
		{2C33DF1C-6B2C-46FB-A9AC-61120C6601DB}.Release|x86.Build.0 = Release|Any CPU
		{2C33DF1C-6B2C-46FB-A9AC-61120C6601DB}.Rsharp_app_release|Any CPU.ActiveCfg = Rsharp_app_release|Any CPU
		{2C33DF1C-6B2C-46FB-A9AC-61120C6601DB}.Rsharp_app_release|Any CPU.Build.0 = Rsharp_app_release|Any CPU
		{2C33DF1C-6B2C-46FB-A9AC-61120C6601DB}.Rsharp_app_release|x64.ActiveCfg = Rsharp_app_release|x64
		{2C33DF1C-6B2C-46FB-A9AC-61120C6601DB}.Rsharp_app_release|x64.Build.0 = Rsharp_app_release|x64
		{2C33DF1C-6B2C-46FB-A9AC-61120C6601DB}.Rsharp_app_release|x86.ActiveCfg = Rsharp_app_release|Any CPU
		{2C33DF1C-6B2C-46FB-A9AC-61120C6601DB}.Rsharp_app_release|x86.Build.0 = Rsharp_app_release|Any CPU
		{E35DEF91-D2B0-4B52-844F-EE551D98E9A1}.CFD_win32|Any CPU.ActiveCfg = Debug|Any CPU
		{E35DEF91-D2B0-4B52-844F-EE551D98E9A1}.CFD_win32|Any CPU.Build.0 = Debug|Any CPU
		{E35DEF91-D2B0-4B52-844F-EE551D98E9A1}.CFD_win32|x64.ActiveCfg = Debug|Any CPU
		{E35DEF91-D2B0-4B52-844F-EE551D98E9A1}.CFD_win32|x64.Build.0 = Debug|Any CPU
		{E35DEF91-D2B0-4B52-844F-EE551D98E9A1}.CFD_win32|x86.ActiveCfg = Debug|Any CPU
		{E35DEF91-D2B0-4B52-844F-EE551D98E9A1}.CFD_win32|x86.Build.0 = Debug|Any CPU
		{E35DEF91-D2B0-4B52-844F-EE551D98E9A1}.Debug|Any CPU.ActiveCfg = Debug|Any CPU
		{E35DEF91-D2B0-4B52-844F-EE551D98E9A1}.Debug|Any CPU.Build.0 = Debug|Any CPU
		{E35DEF91-D2B0-4B52-844F-EE551D98E9A1}.Debug|x64.ActiveCfg = Debug|Any CPU
		{E35DEF91-D2B0-4B52-844F-EE551D98E9A1}.Debug|x64.Build.0 = Debug|Any CPU
		{E35DEF91-D2B0-4B52-844F-EE551D98E9A1}.Debug|x86.ActiveCfg = Debug|Any CPU
		{E35DEF91-D2B0-4B52-844F-EE551D98E9A1}.Debug|x86.Build.0 = Debug|Any CPU
		{E35DEF91-D2B0-4B52-844F-EE551D98E9A1}.Docker|Any CPU.ActiveCfg = Debug|Any CPU
		{E35DEF91-D2B0-4B52-844F-EE551D98E9A1}.Docker|Any CPU.Build.0 = Debug|Any CPU
		{E35DEF91-D2B0-4B52-844F-EE551D98E9A1}.Docker|x64.ActiveCfg = Debug|Any CPU
		{E35DEF91-D2B0-4B52-844F-EE551D98E9A1}.Docker|x64.Build.0 = Debug|Any CPU
		{E35DEF91-D2B0-4B52-844F-EE551D98E9A1}.Docker|x86.ActiveCfg = Debug|Any CPU
		{E35DEF91-D2B0-4B52-844F-EE551D98E9A1}.Docker|x86.Build.0 = Debug|Any CPU
		{E35DEF91-D2B0-4B52-844F-EE551D98E9A1}.gcmodeller_desktop|Any CPU.ActiveCfg = Debug|Any CPU
		{E35DEF91-D2B0-4B52-844F-EE551D98E9A1}.gcmodeller_desktop|Any CPU.Build.0 = Debug|Any CPU
		{E35DEF91-D2B0-4B52-844F-EE551D98E9A1}.gcmodeller_desktop|x64.ActiveCfg = Debug|Any CPU
		{E35DEF91-D2B0-4B52-844F-EE551D98E9A1}.gcmodeller_desktop|x64.Build.0 = Debug|Any CPU
		{E35DEF91-D2B0-4B52-844F-EE551D98E9A1}.gcmodeller_desktop|x86.ActiveCfg = Debug|Any CPU
		{E35DEF91-D2B0-4B52-844F-EE551D98E9A1}.gcmodeller_desktop|x86.Build.0 = Debug|Any CPU
		{E35DEF91-D2B0-4B52-844F-EE551D98E9A1}.LipidSearch|Any CPU.ActiveCfg = Debug|Any CPU
		{E35DEF91-D2B0-4B52-844F-EE551D98E9A1}.LipidSearch|Any CPU.Build.0 = Debug|Any CPU
		{E35DEF91-D2B0-4B52-844F-EE551D98E9A1}.LipidSearch|x64.ActiveCfg = Debug|Any CPU
		{E35DEF91-D2B0-4B52-844F-EE551D98E9A1}.LipidSearch|x64.Build.0 = Debug|Any CPU
		{E35DEF91-D2B0-4B52-844F-EE551D98E9A1}.LipidSearch|x86.ActiveCfg = Debug|Any CPU
		{E35DEF91-D2B0-4B52-844F-EE551D98E9A1}.LipidSearch|x86.Build.0 = Debug|Any CPU
		{E35DEF91-D2B0-4B52-844F-EE551D98E9A1}.mzkit_win32|Any CPU.ActiveCfg = Debug|Any CPU
		{E35DEF91-D2B0-4B52-844F-EE551D98E9A1}.mzkit_win32|Any CPU.Build.0 = Debug|Any CPU
		{E35DEF91-D2B0-4B52-844F-EE551D98E9A1}.mzkit_win32|x64.ActiveCfg = Debug|Any CPU
		{E35DEF91-D2B0-4B52-844F-EE551D98E9A1}.mzkit_win32|x64.Build.0 = Debug|Any CPU
		{E35DEF91-D2B0-4B52-844F-EE551D98E9A1}.mzkit_win32|x86.ActiveCfg = Debug|Any CPU
		{E35DEF91-D2B0-4B52-844F-EE551D98E9A1}.mzkit_win32|x86.Build.0 = Debug|Any CPU
		{E35DEF91-D2B0-4B52-844F-EE551D98E9A1}.mzkit|Any CPU.ActiveCfg = Debug|Any CPU
		{E35DEF91-D2B0-4B52-844F-EE551D98E9A1}.mzkit|Any CPU.Build.0 = Debug|Any CPU
		{E35DEF91-D2B0-4B52-844F-EE551D98E9A1}.mzkit|x64.ActiveCfg = Debug|Any CPU
		{E35DEF91-D2B0-4B52-844F-EE551D98E9A1}.mzkit|x64.Build.0 = Debug|Any CPU
		{E35DEF91-D2B0-4B52-844F-EE551D98E9A1}.mzkit|x86.ActiveCfg = Debug|Any CPU
		{E35DEF91-D2B0-4B52-844F-EE551D98E9A1}.mzkit|x86.Build.0 = Debug|Any CPU
		{E35DEF91-D2B0-4B52-844F-EE551D98E9A1}.NPSearch|Any CPU.ActiveCfg = Debug|Any CPU
		{E35DEF91-D2B0-4B52-844F-EE551D98E9A1}.NPSearch|Any CPU.Build.0 = Debug|Any CPU
		{E35DEF91-D2B0-4B52-844F-EE551D98E9A1}.NPSearch|x64.ActiveCfg = Debug|Any CPU
		{E35DEF91-D2B0-4B52-844F-EE551D98E9A1}.NPSearch|x64.Build.0 = Debug|Any CPU
		{E35DEF91-D2B0-4B52-844F-EE551D98E9A1}.NPSearch|x86.ActiveCfg = Debug|Any CPU
		{E35DEF91-D2B0-4B52-844F-EE551D98E9A1}.NPSearch|x86.Build.0 = Debug|Any CPU
		{E35DEF91-D2B0-4B52-844F-EE551D98E9A1}.nuget_release|Any CPU.ActiveCfg = Debug|Any CPU
		{E35DEF91-D2B0-4B52-844F-EE551D98E9A1}.nuget_release|Any CPU.Build.0 = Debug|Any CPU
		{E35DEF91-D2B0-4B52-844F-EE551D98E9A1}.nuget_release|x64.ActiveCfg = Debug|Any CPU
		{E35DEF91-D2B0-4B52-844F-EE551D98E9A1}.nuget_release|x64.Build.0 = Debug|Any CPU
		{E35DEF91-D2B0-4B52-844F-EE551D98E9A1}.nuget_release|x86.ActiveCfg = Debug|Any CPU
		{E35DEF91-D2B0-4B52-844F-EE551D98E9A1}.nuget_release|x86.Build.0 = Debug|Any CPU
		{E35DEF91-D2B0-4B52-844F-EE551D98E9A1}.PlantMAT|Any CPU.ActiveCfg = Debug|Any CPU
		{E35DEF91-D2B0-4B52-844F-EE551D98E9A1}.PlantMAT|Any CPU.Build.0 = Debug|Any CPU
		{E35DEF91-D2B0-4B52-844F-EE551D98E9A1}.PlantMAT|x64.ActiveCfg = Debug|Any CPU
		{E35DEF91-D2B0-4B52-844F-EE551D98E9A1}.PlantMAT|x64.Build.0 = Debug|Any CPU
		{E35DEF91-D2B0-4B52-844F-EE551D98E9A1}.PlantMAT|x86.ActiveCfg = Debug|Any CPU
		{E35DEF91-D2B0-4B52-844F-EE551D98E9A1}.PlantMAT|x86.Build.0 = Debug|Any CPU
		{E35DEF91-D2B0-4B52-844F-EE551D98E9A1}.Release|Any CPU.ActiveCfg = Release|Any CPU
		{E35DEF91-D2B0-4B52-844F-EE551D98E9A1}.Release|Any CPU.Build.0 = Release|Any CPU
		{E35DEF91-D2B0-4B52-844F-EE551D98E9A1}.Release|x64.ActiveCfg = Release|Any CPU
		{E35DEF91-D2B0-4B52-844F-EE551D98E9A1}.Release|x64.Build.0 = Release|Any CPU
		{E35DEF91-D2B0-4B52-844F-EE551D98E9A1}.Release|x86.ActiveCfg = Release|Any CPU
		{E35DEF91-D2B0-4B52-844F-EE551D98E9A1}.Release|x86.Build.0 = Release|Any CPU
		{E35DEF91-D2B0-4B52-844F-EE551D98E9A1}.Rsharp_app_release|Any CPU.ActiveCfg = Release|Any CPU
		{E35DEF91-D2B0-4B52-844F-EE551D98E9A1}.Rsharp_app_release|Any CPU.Build.0 = Release|Any CPU
		{E35DEF91-D2B0-4B52-844F-EE551D98E9A1}.Rsharp_app_release|x64.ActiveCfg = Release|Any CPU
		{E35DEF91-D2B0-4B52-844F-EE551D98E9A1}.Rsharp_app_release|x64.Build.0 = Release|Any CPU
		{E35DEF91-D2B0-4B52-844F-EE551D98E9A1}.Rsharp_app_release|x86.ActiveCfg = Release|Any CPU
		{E35DEF91-D2B0-4B52-844F-EE551D98E9A1}.Rsharp_app_release|x86.Build.0 = Release|Any CPU
	EndGlobalSection
	GlobalSection(SolutionProperties) = preSolution
		HideSolutionNode = FALSE
	EndGlobalSection
	GlobalSection(NestedProjects) = preSolution
		{B5F56EFF-CF89-45D7-B5EF-797F7A4744FD} = {869CA2C5-7BC3-4119-9C6B-873EA21BD98E}
		{7B786E69-013B-4AA2-9046-199BCDC33C96} = {869CA2C5-7BC3-4119-9C6B-873EA21BD98E}
		{99130A73-C92D-4AAC-B973-A628EE28CD6A} = {7B786E69-013B-4AA2-9046-199BCDC33C96}
		{8735B408-854F-4C2F-82A5-81A616092B06} = {7B786E69-013B-4AA2-9046-199BCDC33C96}
		{C361E20C-57D7-4785-BEDC-C30429CCCC65} = {7B786E69-013B-4AA2-9046-199BCDC33C96}
		{669C137B-C1F8-43C8-88E8-74B7861EFFB1} = {869CA2C5-7BC3-4119-9C6B-873EA21BD98E}
		{795F50C4-9BD8-4C79-AAEA-5EFE29608254} = {669C137B-C1F8-43C8-88E8-74B7861EFFB1}
		{2C33DF1C-6B2C-46FB-A9AC-61120C6601DB} = {869CA2C5-7BC3-4119-9C6B-873EA21BD98E}
	EndGlobalSection
	GlobalSection(ExtensibilityGlobals) = postSolution
		SolutionGuid = {3C0ACA7B-2BD5-4925-99A2-C4ED4671AB00}
	EndGlobalSection
	GlobalSection(SharedMSBuildProjectFiles) = preSolution
		..\..\GCModeller\src\R-sharp\Library\shares\JsonHelper\JsonHelper.projitems*{8735b408-854f-4c2f-82a5-81a616092b06}*SharedItemsImports = 5
	EndGlobalSection
EndGlobal
